
Microsoft Visual Studio Solution File, Format Version 12.00
# Visual Studio 15
VisualStudioVersion = 15.0.28307.572
MinimumVisualStudioVersion = 10.0.40219.1
Project("{FAE04EC0-301F-11D3-BF4B-00C04F79EFBC}") = "PdfViewer", "PdfViewer\PdfViewer.csproj", "{31B55FFF-1A1E-4BC4-B9C5-06CEB454296F}"
EndProject
Project("{FAE04EC0-301F-11D3-BF4B-00C04F79EFBC}") = "Sample", "PdfTest\Sample.csproj", "{64C45765-3073-47A5-8E7F-7CEF5E6E8706}"
EndProject
Project("{8BC9CEB8-8B4A-11D0-8D11-00A0C91BC942}") = "Pdfium", "Pdfium\Pdfium.vcxproj", "{CD8AABF3-C385-4389-B9C5-B9CF37E9B308}"
EndProject
Global
	GlobalSection(SolutionConfigurationPlatforms) = preSolution
		Debug|Any CPU = Debug|Any CPU
		Debug|ARM = Debug|ARM
		Debug|ARM64 = Debug|ARM64
		Debug|x64 = Debug|x64
		Debug|x86 = Debug|x86
		Release|Any CPU = Release|Any CPU
		Release|ARM = Release|ARM
		Release|ARM64 = Release|ARM64
		Release|x64 = Release|x64
		Release|x86 = Release|x86
	EndGlobalSection
	GlobalSection(ProjectConfigurationPlatforms) = postSolution
		{31B55FFF-1A1E-4BC4-B9C5-06CEB454296F}.Debug|Any CPU.ActiveCfg = Debug|Any CPU
		{31B55FFF-1A1E-4BC4-B9C5-06CEB454296F}.Debug|Any CPU.Build.0 = Debug|Any CPU
		{31B55FFF-1A1E-4BC4-B9C5-06CEB454296F}.Debug|ARM.ActiveCfg = Debug|Any CPU
		{31B55FFF-1A1E-4BC4-B9C5-06CEB454296F}.Debug|ARM.Build.0 = Debug|Any CPU
		{31B55FFF-1A1E-4BC4-B9C5-06CEB454296F}.Debug|ARM64.ActiveCfg = Debug|Any CPU
		{31B55FFF-1A1E-4BC4-B9C5-06CEB454296F}.Debug|ARM64.Build.0 = Debug|Any CPU
		{31B55FFF-1A1E-4BC4-B9C5-06CEB454296F}.Debug|x64.ActiveCfg = Debug|Any CPU
		{31B55FFF-1A1E-4BC4-B9C5-06CEB454296F}.Debug|x64.Build.0 = Debug|Any CPU
		{31B55FFF-1A1E-4BC4-B9C5-06CEB454296F}.Debug|x86.ActiveCfg = Debug|Any CPU
		{31B55FFF-1A1E-4BC4-B9C5-06CEB454296F}.Debug|x86.Build.0 = Debug|Any CPU
		{31B55FFF-1A1E-4BC4-B9C5-06CEB454296F}.Release|Any CPU.ActiveCfg = Release|Any CPU
		{31B55FFF-1A1E-4BC4-B9C5-06CEB454296F}.Release|Any CPU.Build.0 = Release|Any CPU
		{31B55FFF-1A1E-4BC4-B9C5-06CEB454296F}.Release|ARM.ActiveCfg = Release|Any CPU
		{31B55FFF-1A1E-4BC4-B9C5-06CEB454296F}.Release|ARM.Build.0 = Release|Any CPU
		{31B55FFF-1A1E-4BC4-B9C5-06CEB454296F}.Release|ARM64.ActiveCfg = Release|Any CPU
		{31B55FFF-1A1E-4BC4-B9C5-06CEB454296F}.Release|ARM64.Build.0 = Release|Any CPU
		{31B55FFF-1A1E-4BC4-B9C5-06CEB454296F}.Release|x64.ActiveCfg = Release|Any CPU
		{31B55FFF-1A1E-4BC4-B9C5-06CEB454296F}.Release|x64.Build.0 = Release|Any CPU
		{31B55FFF-1A1E-4BC4-B9C5-06CEB454296F}.Release|x86.ActiveCfg = Release|Any CPU
		{31B55FFF-1A1E-4BC4-B9C5-06CEB454296F}.Release|x86.Build.0 = Release|Any CPU
		{64C45765-3073-47A5-8E7F-7CEF5E6E8706}.Debug|Any CPU.ActiveCfg = Debug|Any CPU
		{64C45765-3073-47A5-8E7F-7CEF5E6E8706}.Debug|Any CPU.Build.0 = Debug|Any CPU
		{64C45765-3073-47A5-8E7F-7CEF5E6E8706}.Debug|Any CPU.Deploy.0 = Debug|Any CPU
		{64C45765-3073-47A5-8E7F-7CEF5E6E8706}.Debug|ARM.ActiveCfg = Debug|Any CPU
		{64C45765-3073-47A5-8E7F-7CEF5E6E8706}.Debug|ARM.Build.0 = Debug|Any CPU
		{64C45765-3073-47A5-8E7F-7CEF5E6E8706}.Debug|ARM.Deploy.0 = Debug|Any CPU
		{64C45765-3073-47A5-8E7F-7CEF5E6E8706}.Debug|ARM64.ActiveCfg = Debug|Any CPU
		{64C45765-3073-47A5-8E7F-7CEF5E6E8706}.Debug|ARM64.Build.0 = Debug|Any CPU
		{64C45765-3073-47A5-8E7F-7CEF5E6E8706}.Debug|ARM64.Deploy.0 = Debug|Any CPU
		{64C45765-3073-47A5-8E7F-7CEF5E6E8706}.Debug|x64.ActiveCfg = Debug|Any CPU
		{64C45765-3073-47A5-8E7F-7CEF5E6E8706}.Debug|x64.Build.0 = Debug|Any CPU
		{64C45765-3073-47A5-8E7F-7CEF5E6E8706}.Debug|x64.Deploy.0 = Debug|Any CPU
		{64C45765-3073-47A5-8E7F-7CEF5E6E8706}.Debug|x86.ActiveCfg = Debug|Any CPU
		{64C45765-3073-47A5-8E7F-7CEF5E6E8706}.Debug|x86.Build.0 = Debug|Any CPU
		{64C45765-3073-47A5-8E7F-7CEF5E6E8706}.Debug|x86.Deploy.0 = Debug|Any CPU
		{64C45765-3073-47A5-8E7F-7CEF5E6E8706}.Release|Any CPU.ActiveCfg = Release|Any CPU
		{64C45765-3073-47A5-8E7F-7CEF5E6E8706}.Release|Any CPU.Build.0 = Release|Any CPU
		{64C45765-3073-47A5-8E7F-7CEF5E6E8706}.Release|Any CPU.Deploy.0 = Release|Any CPU
		{64C45765-3073-47A5-8E7F-7CEF5E6E8706}.Release|ARM.ActiveCfg = Release|Any CPU
		{64C45765-3073-47A5-8E7F-7CEF5E6E8706}.Release|ARM.Build.0 = Release|Any CPU
		{64C45765-3073-47A5-8E7F-7CEF5E6E8706}.Release|ARM.Deploy.0 = Release|Any CPU
		{64C45765-3073-47A5-8E7F-7CEF5E6E8706}.Release|ARM64.ActiveCfg = Release|Any CPU
		{64C45765-3073-47A5-8E7F-7CEF5E6E8706}.Release|ARM64.Build.0 = Release|Any CPU
		{64C45765-3073-47A5-8E7F-7CEF5E6E8706}.Release|ARM64.Deploy.0 = Release|Any CPU
		{64C45765-3073-47A5-8E7F-7CEF5E6E8706}.Release|x64.ActiveCfg = Release|Any CPU
		{64C45765-3073-47A5-8E7F-7CEF5E6E8706}.Release|x64.Build.0 = Release|Any CPU
		{64C45765-3073-47A5-8E7F-7CEF5E6E8706}.Release|x64.Deploy.0 = Release|Any CPU
		{64C45765-3073-47A5-8E7F-7CEF5E6E8706}.Release|x86.ActiveCfg = Release|Any CPU
		{64C45765-3073-47A5-8E7F-7CEF5E6E8706}.Release|x86.Build.0 = Release|Any CPU
		{64C45765-3073-47A5-8E7F-7CEF5E6E8706}.Release|x86.Deploy.0 = Release|Any CPU
		{CD8AABF3-C385-4389-B9C5-B9CF37E9B308}.Debug|Any CPU.ActiveCfg = Debug|x86
		{CD8AABF3-C385-4389-B9C5-B9CF37E9B308}.Debug|Any CPU.Build.0 = Debug|x86
		{CD8AABF3-C385-4389-B9C5-B9CF37E9B308}.Debug|ARM.ActiveCfg = Debug|ARM
		{CD8AABF3-C385-4389-B9C5-B9CF37E9B308}.Debug|ARM.Build.0 = Debug|ARM
		{CD8AABF3-C385-4389-B9C5-B9CF37E9B308}.Debug|ARM64.ActiveCfg = Debug|ARM64
		{CD8AABF3-C385-4389-B9C5-B9CF37E9B308}.Debug|ARM64.Build.0 = Debug|ARM64
		{CD8AABF3-C385-4389-B9C5-B9CF37E9B308}.Debug|x64.ActiveCfg = Debug|x64
		{CD8AABF3-C385-4389-B9C5-B9CF37E9B308}.Debug|x64.Build.0 = Debug|x64
		{CD8AABF3-C385-4389-B9C5-B9CF37E9B308}.Debug|x86.ActiveCfg = Debug|x86
		{CD8AABF3-C385-4389-B9C5-B9CF37E9B308}.Debug|x86.Build.0 = Debug|x86
		{CD8AABF3-C385-4389-B9C5-B9CF37E9B308}.Release|Any CPU.ActiveCfg = Release|x86
		{CD8AABF3-C385-4389-B9C5-B9CF37E9B308}.Release|ARM.ActiveCfg = Release|ARM
		{CD8AABF3-C385-4389-B9C5-B9CF37E9B308}.Release|ARM.Build.0 = Release|ARM
		{CD8AABF3-C385-4389-B9C5-B9CF37E9B308}.Release|ARM64.ActiveCfg = Release|ARM64
		{CD8AABF3-C385-4389-B9C5-B9CF37E9B308}.Release|ARM64.Build.0 = Release|ARM64
		{CD8AABF3-C385-4389-B9C5-B9CF37E9B308}.Release|x64.ActiveCfg = Release|x64
		{CD8AABF3-C385-4389-B9C5-B9CF37E9B308}.Release|x64.Build.0 = Release|x64
		{CD8AABF3-C385-4389-B9C5-B9CF37E9B308}.Release|x86.ActiveCfg = Release|x86
		{CD8AABF3-C385-4389-B9C5-B9CF37E9B308}.Release|x86.Build.0 = Release|x86
	EndGlobalSection
	GlobalSection(SolutionProperties) = preSolution
		HideSolutionNode = FALSE
	EndGlobalSection
	GlobalSection(ExtensibilityGlobals) = postSolution
		SolutionGuid = {95A8D1F2-4D3B-4963-AAB2-3CDF459879A3}
	EndGlobalSection
EndGlobal
